
Microsoft Visual Studio Solution File, Format Version 12.00
# Visual Studio Version 17
VisualStudioVersion = 17.5.002.0
MinimumVisualStudioVersion = 10.0.40219.1
Project("{9A19103F-16F7-4668-BE54-9A1E7A4F7556}") = "RssNeedle", "RssNeedle.csproj", "{1B38B2D0-A3E9-4452-9F8A-F5B0EF220C24}"
EndProject
Global
	GlobalSection(SolutionConfigurationPlatforms) = preSolution
		Debug|Any CPU = Debug|Any CPU
		Release|Any CPU = Release|Any CPU
	EndGlobalSection
	GlobalSection(ProjectConfigurationPlatforms) = postSolution
		{1B38B2D0-A3E9-4452-9F8A-F5B0EF220C24}.Debug|Any CPU.ActiveCfg = Debug|Any CPU
		{1B38B2D0-A3E9-4452-9F8A-F5B0EF220C24}.Debug|Any CPU.Build.0 = Debug|Any CPU
		{1B38B2D0-A3E9-4452-9F8A-F5B0EF220C24}.Release|Any CPU.ActiveCfg = Release|Any CPU
		{1B38B2D0-A3E9-4452-9F8A-F5B0EF220C24}.Release|Any CPU.Build.0 = Release|Any CPU
	EndGlobalSection
	GlobalSection(SolutionProperties) = preSolution
		HideSolutionNode = FALSE
	EndGlobalSection
	GlobalSection(ExtensibilityGlobals) = postSolution
		SolutionGuid = {C6BD8106-9D20-452E-A31E-4674B9BFB754}
	EndGlobalSection
EndGlobal
